
Microsoft Visual Studio Solution File, Format Version 12.00
# Visual Studio Version 17
VisualStudioVersion = 17.0.31903.59
MinimumVisualStudioVersion = 10.0.40219.1
Project("{F2A71F9B-5D33-465A-A702-920D77279786}") = "FSharpVersion", "FSharpVersion\FSharpVersion.fsproj", "{56690678-F9B7-4A4E-904B-7328A0111FA5}"
EndProject
Global
	GlobalSection(SolutionConfigurationPlatforms) = preSolution
		Debug|Any CPU = Debug|Any CPU
		Release|Any CPU = Release|Any CPU
	EndGlobalSection
	GlobalSection(ProjectConfigurationPlatforms) = postSolution
		{56690678-F9B7-4A4E-904B-7328A0111FA5}.Debug|Any CPU.ActiveCfg = Debug|Any CPU
		{56690678-F9B7-4A4E-904B-7328A0111FA5}.Debug|Any CPU.Build.0 = Debug|Any CPU
		{56690678-F9B7-4A4E-904B-7328A0111FA5}.Release|Any CPU.ActiveCfg = Release|Any CPU
		{56690678-F9B7-4A4E-904B-7328A0111FA5}.Release|Any CPU.Build.0 = Release|Any CPU
	EndGlobalSection
	GlobalSection(SolutionProperties) = preSolution
		HideSolutionNode = FALSE
	EndGlobalSection
	GlobalSection(ExtensibilityGlobals) = postSolution
		SolutionGuid = {FFDF316C-B1B5-4288-845D-5FD6FC6BFB40}
	EndGlobalSection
EndGlobal
